# @generated by Move, please check-in and do not edit manually.

[move]
version = 3
manifest_digest = "721B25BB4CDCD4218F498ADC29C1531627B203E49104F8C2190A52C4FBEE0E27"
deps_digest = "F9B494B64F0615AED0E98FC12A85B85ECD2BC5185C22D30E7F67786BB52E507C"
dependencies = [
  { id = "Sui", name = "Sui" },
  { id = "oracles", name = "oracles" },
  { id = "steamm", name = "steamm" },
  { id = "suilend", name = "suilend" },
]

[[move.package]]
id = "MoveStdlib"
source = { git = "https://github.com/MystenLabs/sui.git", rev = "framework/mainnet", subdir = "crates/sui-framework/packages/move-stdlib" }

[[move.package]]
id = "Pyth"
source = { git = "https://github.com/solendprotocol/pyth-crosschain.git", rev = "98e218c64bb75cf1350eb7b021e1ffcc3aedfd62", subdir = "target_chains/sui/contracts" }

dependencies = [
  { id = "Sui", name = "Sui" },
  { id = "Wormhole", name = "Wormhole" },
]

[[move.package]]
id = "Sui"
source = { git = "https://github.com/MystenLabs/sui.git", rev = "framework/mainnet", subdir = "crates/sui-framework/packages/sui-framework" }

dependencies = [
  { id = "MoveStdlib", name = "MoveStdlib" },
]

[[move.package]]
id = "SuiSystem"
source = { git = "https://github.com/MystenLabs/sui.git", rev = "framework/mainnet", subdir = "crates/sui-framework/packages/sui-system" }

dependencies = [
  { id = "MoveStdlib", name = "MoveStdlib" },
  { id = "Sui", name = "Sui" },
]

[[move.package]]
id = "Switchboard"
source = { git = "https://github.com/suilend/switchboard.git", rev = "mainnet", subdir = "on_demand/" }

dependencies = [
  { id = "Sui", name = "Sui" },
]

[[move.package]]
id = "Wormhole"
source = { git = "https://github.com/solendprotocol/wormhole.git", rev = "e1698d3c72b15cdddd7da98ad43e151f83b72a0a", subdir = "sui/wormhole" }

dependencies = [
  { id = "Sui", name = "Sui" },
]

[[move.package]]
id = "liquid_staking"
source = { git = "https://github.com/solendprotocol/liquid-staking.git", rev = "main", subdir = "contracts" }

dependencies = [
  { id = "Sui", name = "Sui" },
  { id = "SuiSystem", name = "SuiSystem" },
]

[[move.package]]
id = "oracles"
source = { git = "https://github.com/solendprotocol/suilend.git", rev = "027f9f2dd9630d3661377d2c48d6f30b3a5b3ac9", subdir = "contracts/oracles" }

dependencies = [
  { id = "Pyth", name = "Pyth" },
  { id = "Sui", name = "Sui" },
  { id = "Switchboard", name = "Switchboard" },
]

[[move.package]]
id = "sprungsui"
source = { git = "https://github.com/solendprotocol/suilend.git", rev = "027f9f2dd9630d3661377d2c48d6f30b3a5b3ac9", subdir = "contracts/sprungsui" }

dependencies = [
  { id = "Sui", name = "Sui" },
]

[[move.package]]
id = "steamm"
source = { local = "../steamm" }

dependencies = [
  { id = "Sui", name = "Sui" },
  { id = "oracles", name = "oracles" },
  { id = "suilend", name = "suilend" },
]

[[move.package]]
id = "suilend"
source = { git = "https://github.com/solendprotocol/suilend.git", rev = "027f9f2dd9630d3661377d2c48d6f30b3a5b3ac9", subdir = "contracts/suilend" }

dependencies = [
  { id = "Pyth", name = "Pyth" },
  { id = "Sui", name = "Sui" },
  { id = "liquid_staking", name = "liquid_staking" },
  { id = "sprungsui", name = "sprungsui" },
]

[move.toolchain-version]
compiler-version = "1.44.3"
edition = "2024.beta"
flavor = "sui"
