# @generated by Move, please check-in and do not edit manually.

[move]
version = 3
manifest_digest = "1B5B09D5B53D5280EEFD60DA2A1B6BAA50514687F470EA3C4DC5D509D206D625"
deps_digest = "060AD7E57DFB13104F21BE5F5C3759D03F0553FC3229247D9A7A6B45F50D03A3"
dependencies = [
  { id = "Sui", name = "Sui" },
  { id = "steamm", name = "steamm" },
  { id = "suilend", name = "suilend" },
]

[[move.package]]
id = "MoveStdlib"
source = { git = "https://github.com/MystenLabs/sui.git", rev = "framework/mainnet", subdir = "crates/sui-framework/packages/move-stdlib" }

[[move.package]]
id = "Pyth"
source = { git = "https://github.com/solendprotocol/pyth-crosschain.git", rev = "98e218c64bb75cf1350eb7b021e1ffcc3aedfd62", subdir = "target_chains/sui/contracts" }

dependencies = [
  { id = "Sui", name = "Sui" },
  { id = "Wormhole", name = "Wormhole" },
]

[[move.package]]
id = "Sui"
source = { git = "https://github.com/MystenLabs/sui.git", rev = "framework/mainnet", subdir = "crates/sui-framework/packages/sui-framework" }

dependencies = [
  { id = "MoveStdlib", name = "MoveStdlib" },
]

[[move.package]]
id = "SuiSystem"
source = { git = "https://github.com/MystenLabs/sui.git", rev = "framework/mainnet", subdir = "crates/sui-framework/packages/sui-system" }

dependencies = [
  { id = "MoveStdlib", name = "MoveStdlib" },
  { id = "Sui", name = "Sui" },
]

[[move.package]]
id = "Wormhole"
source = { git = "https://github.com/solendprotocol/wormhole.git", rev = "e1698d3c72b15cdddd7da98ad43e151f83b72a0a", subdir = "sui/wormhole" }

dependencies = [
  { id = "Sui", name = "Sui" },
]

[[move.package]]
id = "liquid_staking"
source = { git = "https://github.com/solendprotocol/liquid-staking.git", rev = "main", subdir = "contracts" }

dependencies = [
  { id = "Sui", name = "Sui" },
  { id = "SuiSystem", name = "SuiSystem" },
]

[[move.package]]
id = "sprungsui"
source = { git = "https://github.com/solendprotocol/suilend.git", rev = "devel", subdir = "contracts/sprungsui" }

dependencies = [
  { id = "Sui", name = "Sui" },
]

[[move.package]]
id = "steamm"
source = { local = "../steamm" }

dependencies = [
  { id = "Sui", name = "Sui" },
  { id = "suilend", name = "suilend" },
]

[[move.package]]
id = "suilend"
source = { git = "https://github.com/solendprotocol/suilend.git", rev = "devel", subdir = "contracts/suilend" }

dependencies = [
  { id = "Pyth", name = "Pyth" },
  { id = "Sui", name = "Sui" },
  { id = "liquid_staking", name = "liquid_staking" },
  { id = "sprungsui", name = "sprungsui" },
]

[move.toolchain-version]
compiler-version = "1.40.1"
edition = "2024.beta"
flavor = "sui"

[env]

[env.mainnet]
chain-id = "35834a8a"
original-published-id = "0x8f0c7ac0aaabb7bbbb2016bfce6897340bb9772d82ad7bc345e17543a8fe9ce4"
latest-published-id = "0x9e632b0a18df2737f0fc9fa0300a8963ea0c5c88c2dcd7ef6a9d6d7669689615"
published-version = "3"
